// !$*UTF8*$!
{
	archiveVersion = 1;
	classes = {
	};
	objectVersion = 55;
	objects = {

/* Begin PBXBuildFile section */
		8FC3ABB8ECCA40A0E77D46F7 /* Pods_instaCloneFireBase.framework in Frameworks */ = {isa = PBXBuildFile; fileRef = 2C2AC3D8BCA5FCADC7D13E4C /* Pods_instaCloneFireBase.framework */; };
		A296D1682894949B009132A4 /* FeedViewController.swift in Sources */ = {isa = PBXBuildFile; fileRef = A296D1672894949B009132A4 /* FeedViewController.swift */; };
		A296D16A289494A7009132A4 /* UploudViewController.swift in Sources */ = {isa = PBXBuildFile; fileRef = A296D169289494A7009132A4 /* UploudViewController.swift */; };
		A296D16C289494B3009132A4 /* SettingViewController.swift in Sources */ = {isa = PBXBuildFile; fileRef = A296D16B289494B3009132A4 /* SettingViewController.swift */; };
		A29B9DA928980DE600424BFD /* TableViewCell.swift in Sources */ = {isa = PBXBuildFile; fileRef = A29B9DA828980DE600424BFD /* TableViewCell.swift */; };
		A2D0FF5628945E980024C5BB /* AppDelegate.swift in Sources */ = {isa = PBXBuildFile; fileRef = A2D0FF5528945E980024C5BB /* AppDelegate.swift */; };
		A2D0FF5828945E980024C5BB /* SceneDelegate.swift in Sources */ = {isa = PBXBuildFile; fileRef = A2D0FF5728945E980024C5BB /* SceneDelegate.swift */; };
		A2D0FF5A28945E980024C5BB /* ViewController.swift in Sources */ = {isa = PBXBuildFile; fileRef = A2D0FF5928945E980024C5BB /* ViewController.swift */; };
		A2D0FF5D28945E980024C5BB /* Main.storyboard in Resources */ = {isa = PBXBuildFile; fileRef = A2D0FF5B28945E980024C5BB /* Main.storyboard */; };
		A2D0FF5F28945E990024C5BB /* Assets.xcassets in Resources */ = {isa = PBXBuildFile; fileRef = A2D0FF5E28945E990024C5BB /* Assets.xcassets */; };
		A2D0FF6228945E990024C5BB /* LaunchScreen.storyboard in Resources */ = {isa = PBXBuildFile; fileRef = A2D0FF6028945E990024C5BB /* LaunchScreen.storyboard */; };
		A2D0FF6D28945E990024C5BB /* instaCloneFireBaseTests.swift in Sources */ = {isa = PBXBuildFile; fileRef = A2D0FF6C28945E990024C5BB /* instaCloneFireBaseTests.swift */; };
		A2D0FF7728945E9A0024C5BB /* instaCloneFireBaseUITests.swift in Sources */ = {isa = PBXBuildFile; fileRef = A2D0FF7628945E9A0024C5BB /* instaCloneFireBaseUITests.swift */; };
		A2D0FF7928945E9A0024C5BB /* instaCloneFireBaseUITestsLaunchTests.swift in Sources */ = {isa = PBXBuildFile; fileRef = A2D0FF7828945E9A0024C5BB /* instaCloneFireBaseUITestsLaunchTests.swift */; };
		A2D0FF86289465720024C5BB /* GoogleService-Info.plist in Resources */ = {isa = PBXBuildFile; fileRef = A2D0FF85289465720024C5BB /* GoogleService-Info.plist */; };
		DCFB5E31A794B768CB65B42D /* Pods_instaCloneFireBase_instaCloneFireBaseUITests.framework in Frameworks */ = {isa = PBXBuildFile; fileRef = 0F1D710CFB86732CEB314FA0 /* Pods_instaCloneFireBase_instaCloneFireBaseUITests.framework */; };
		EB00B45DE8BDFD177547E209 /* Pods_instaCloneFireBaseTests.framework in Frameworks */ = {isa = PBXBuildFile; fileRef = 2071E1672184DEC411ECE975 /* Pods_instaCloneFireBaseTests.framework */; };
/* End PBXBuildFile section */

/* Begin PBXContainerItemProxy section */
		A2D0FF6928945E990024C5BB /* PBXContainerItemProxy */ = {
			isa = PBXContainerItemProxy;
			containerPortal = A2D0FF4A28945E980024C5BB /* Project object */;
			proxyType = 1;
			remoteGlobalIDString = A2D0FF5128945E980024C5BB;
			remoteInfo = instaCloneFireBase;
		};
		A2D0FF7328945E9A0024C5BB /* PBXContainerItemProxy */ = {
			isa = PBXContainerItemProxy;
			containerPortal = A2D0FF4A28945E980024C5BB /* Project object */;
			proxyType = 1;
			remoteGlobalIDString = A2D0FF5128945E980024C5BB;
			remoteInfo = instaCloneFireBase;
		};
/* End PBXContainerItemProxy section */

/* Begin PBXFileReference section */
		0F1D710CFB86732CEB314FA0 /* Pods_instaCloneFireBase_instaCloneFireBaseUITests.framework */ = {isa = PBXFileReference; explicitFileType = wrapper.framework; includeInIndex = 0; path = Pods_instaCloneFireBase_instaCloneFireBaseUITests.framework; sourceTree = BUILT_PRODUCTS_DIR; };
		2071E1672184DEC411ECE975 /* Pods_instaCloneFireBaseTests.framework */ = {isa = PBXFileReference; explicitFileType = wrapper.framework; includeInIndex = 0; path = Pods_instaCloneFireBaseTests.framework; sourceTree = BUILT_PRODUCTS_DIR; };
		2C2AC3D8BCA5FCADC7D13E4C /* Pods_instaCloneFireBase.framework */ = {isa = PBXFileReference; explicitFileType = wrapper.framework; includeInIndex = 0; path = Pods_instaCloneFireBase.framework; sourceTree = BUILT_PRODUCTS_DIR; };
		6B4784AE7EFB422DB418A9CE /* Pods-instaCloneFireBase.release.xcconfig */ = {isa = PBXFileReference; includeInIndex = 1; lastKnownFileType = text.xcconfig; name = "Pods-instaCloneFireBase.release.xcconfig"; path = "Target Support Files/Pods-instaCloneFireBase/Pods-instaCloneFireBase.release.xcconfig"; sourceTree = "<group>"; };
		A296D1672894949B009132A4 /* FeedViewController.swift */ = {isa = PBXFileReference; lastKnownFileType = sourcecode.swift; path = FeedViewController.swift; sourceTree = "<group>"; };
		A296D169289494A7009132A4 /* UploudViewController.swift */ = {isa = PBXFileReference; lastKnownFileType = sourcecode.swift; path = UploudViewController.swift; sourceTree = "<group>"; };
		A296D16B289494B3009132A4 /* SettingViewController.swift */ = {isa = PBXFileReference; lastKnownFileType = sourcecode.swift; path = SettingViewController.swift; sourceTree = "<group>"; };
		A29B9DA828980DE600424BFD /* TableViewCell.swift */ = {isa = PBXFileReference; lastKnownFileType = sourcecode.swift; path = TableViewCell.swift; sourceTree = "<group>"; };
		A2D0FF5228945E980024C5BB /* instaCloneFireBase.app */ = {isa = PBXFileReference; explicitFileType = wrapper.application; includeInIndex = 0; path = instaCloneFireBase.app; sourceTree = BUILT_PRODUCTS_DIR; };
		A2D0FF5528945E980024C5BB /* AppDelegate.swift */ = {isa = PBXFileReference; lastKnownFileType = sourcecode.swift; path = AppDelegate.swift; sourceTree = "<group>"; };
		A2D0FF5728945E980024C5BB /* SceneDelegate.swift */ = {isa = PBXFileReference; lastKnownFileType = sourcecode.swift; path = SceneDelegate.swift; sourceTree = "<group>"; };
		A2D0FF5928945E980024C5BB /* ViewController.swift */ = {isa = PBXFileReference; lastKnownFileType = sourcecode.swift; path = ViewController.swift; sourceTree = "<group>"; };
		A2D0FF5C28945E980024C5BB /* Base */ = {isa = PBXFileReference; lastKnownFileType = file.storyboard; name = Base; path = Base.lproj/Main.storyboard; sourceTree = "<group>"; };
		A2D0FF5E28945E990024C5BB /* Assets.xcassets */ = {isa = PBXFileReference; lastKnownFileType = folder.assetcatalog; path = Assets.xcassets; sourceTree = "<group>"; };
		A2D0FF6128945E990024C5BB /* Base */ = {isa = PBXFileReference; lastKnownFileType = file.storyboard; name = Base; path = Base.lproj/LaunchScreen.storyboard; sourceTree = "<group>"; };
		A2D0FF6328945E990024C5BB /* Info.plist */ = {isa = PBXFileReference; lastKnownFileType = text.plist.xml; path = Info.plist; sourceTree = "<group>"; };
		A2D0FF6828945E990024C5BB /* instaCloneFireBaseTests.xctest */ = {isa = PBXFileReference; explicitFileType = wrapper.cfbundle; includeInIndex = 0; path = instaCloneFireBaseTests.xctest; sourceTree = BUILT_PRODUCTS_DIR; };
		A2D0FF6C28945E990024C5BB /* instaCloneFireBaseTests.swift */ = {isa = PBXFileReference; lastKnownFileType = sourcecode.swift; path = instaCloneFireBaseTests.swift; sourceTree = "<group>"; };
		A2D0FF7228945E9A0024C5BB /* instaCloneFireBaseUITests.xctest */ = {isa = PBXFileReference; explicitFileType = wrapper.cfbundle; includeInIndex = 0; path = instaCloneFireBaseUITests.xctest; sourceTree = BUILT_PRODUCTS_DIR; };
		A2D0FF7628945E9A0024C5BB /* instaCloneFireBaseUITests.swift */ = {isa = PBXFileReference; lastKnownFileType = sourcecode.swift; path = instaCloneFireBaseUITests.swift; sourceTree = "<group>"; };
		A2D0FF7828945E9A0024C5BB /* instaCloneFireBaseUITestsLaunchTests.swift */ = {isa = PBXFileReference; lastKnownFileType = sourcecode.swift; path = instaCloneFireBaseUITestsLaunchTests.swift; sourceTree = "<group>"; };
		A2D0FF85289465720024C5BB /* GoogleService-Info.plist */ = {isa = PBXFileReference; fileEncoding = 4; lastKnownFileType = text.plist.xml; path = "GoogleService-Info.plist"; sourceTree = "<group>"; };
		B61E51BF5E69395CBE9042C5 /* Pods-instaCloneFireBaseTests.debug.xcconfig */ = {isa = PBXFileReference; includeInIndex = 1; lastKnownFileType = text.xcconfig; name = "Pods-instaCloneFireBaseTests.debug.xcconfig"; path = "Target Support Files/Pods-instaCloneFireBaseTests/Pods-instaCloneFireBaseTests.debug.xcconfig"; sourceTree = "<group>"; };
		D63C4BC40DFC502CC7710512 /* Pods-instaCloneFireBase-instaCloneFireBaseUITests.release.xcconfig */ = {isa = PBXFileReference; includeInIndex = 1; lastKnownFileType = text.xcconfig; name = "Pods-instaCloneFireBase-instaCloneFireBaseUITests.release.xcconfig"; path = "Target Support Files/Pods-instaCloneFireBase-instaCloneFireBaseUITests/Pods-instaCloneFireBase-instaCloneFireBaseUITests.release.xcconfig"; sourceTree = "<group>"; };
		DFAAA9585E0FCC3EBC7BEECC /* Pods-instaCloneFireBase.debug.xcconfig */ = {isa = PBXFileReference; includeInIndex = 1; lastKnownFileType = text.xcconfig; name = "Pods-instaCloneFireBase.debug.xcconfig"; path = "Target Support Files/Pods-instaCloneFireBase/Pods-instaCloneFireBase.debug.xcconfig"; sourceTree = "<group>"; };
		E76973BFB9BA669890E2D4FA /* Pods-instaCloneFireBaseTests.release.xcconfig */ = {isa = PBXFileReference; includeInIndex = 1; lastKnownFileType = text.xcconfig; name = "Pods-instaCloneFireBaseTests.release.xcconfig"; path = "Target Support Files/Pods-instaCloneFireBaseTests/Pods-instaCloneFireBaseTests.release.xcconfig"; sourceTree = "<group>"; };
		EF810525071280C511B35B50 /* Pods-instaCloneFireBase-instaCloneFireBaseUITests.debug.xcconfig */ = {isa = PBXFileReference; includeInIndex = 1; lastKnownFileType = text.xcconfig; name = "Pods-instaCloneFireBase-instaCloneFireBaseUITests.debug.xcconfig"; path = "Target Support Files/Pods-instaCloneFireBase-instaCloneFireBaseUITests/Pods-instaCloneFireBase-instaCloneFireBaseUITests.debug.xcconfig"; sourceTree = "<group>"; };
/* End PBXFileReference section */

/* Begin PBXFrameworksBuildPhase section */
		A2D0FF4F28945E980024C5BB /* Frameworks */ = {
			isa = PBXFrameworksBuildPhase;
			buildActionMask = 2147483647;
			files = (
				8FC3ABB8ECCA40A0E77D46F7 /* Pods_instaCloneFireBase.framework in Frameworks */,
			);
			runOnlyForDeploymentPostprocessing = 0;
		};
		A2D0FF6528945E990024C5BB /* Frameworks */ = {
			isa = PBXFrameworksBuildPhase;
			buildActionMask = 2147483647;
			files = (
				EB00B45DE8BDFD177547E209 /* Pods_instaCloneFireBaseTests.framework in Frameworks */,
			);
			runOnlyForDeploymentPostprocessing = 0;
		};
		A2D0FF6F28945E9A0024C5BB /* Frameworks */ = {
			isa = PBXFrameworksBuildPhase;
			buildActionMask = 2147483647;
			files = (
				DCFB5E31A794B768CB65B42D /* Pods_instaCloneFireBase_instaCloneFireBaseUITests.framework in Frameworks */,
			);
			runOnlyForDeploymentPostprocessing = 0;
		};
/* End PBXFrameworksBuildPhase section */

/* Begin PBXGroup section */
		276F16E55301C1283DA72FC2 /* Frameworks */ = {
			isa = PBXGroup;
			children = (
				2C2AC3D8BCA5FCADC7D13E4C /* Pods_instaCloneFireBase.framework */,
				0F1D710CFB86732CEB314FA0 /* Pods_instaCloneFireBase_instaCloneFireBaseUITests.framework */,
				2071E1672184DEC411ECE975 /* Pods_instaCloneFireBaseTests.framework */,
			);
			name = Frameworks;
			sourceTree = "<group>";
		};
		42D6AC10D96C1DEBA0A4C317 /* Pods */ = {
			isa = PBXGroup;
			children = (
				DFAAA9585E0FCC3EBC7BEECC /* Pods-instaCloneFireBase.debug.xcconfig */,
				6B4784AE7EFB422DB418A9CE /* Pods-instaCloneFireBase.release.xcconfig */,
				EF810525071280C511B35B50 /* Pods-instaCloneFireBase-instaCloneFireBaseUITests.debug.xcconfig */,
				D63C4BC40DFC502CC7710512 /* Pods-instaCloneFireBase-instaCloneFireBaseUITests.release.xcconfig */,
				B61E51BF5E69395CBE9042C5 /* Pods-instaCloneFireBaseTests.debug.xcconfig */,
				E76973BFB9BA669890E2D4FA /* Pods-instaCloneFireBaseTests.release.xcconfig */,
			);
			path = Pods;
			sourceTree = "<group>";
		};
		A2D0FF4928945E980024C5BB = {
			isa = PBXGroup;
			children = (
				A2D0FF5428945E980024C5BB /* instaCloneFireBase */,
				A2D0FF6B28945E990024C5BB /* instaCloneFireBaseTests */,
				A2D0FF7528945E9A0024C5BB /* instaCloneFireBaseUITests */,
				A2D0FF5328945E980024C5BB /* Products */,
				42D6AC10D96C1DEBA0A4C317 /* Pods */,
				276F16E55301C1283DA72FC2 /* Frameworks */,
			);
			sourceTree = "<group>";
		};
		A2D0FF5328945E980024C5BB /* Products */ = {
			isa = PBXGroup;
			children = (
				A2D0FF5228945E980024C5BB /* instaCloneFireBase.app */,
				A2D0FF6828945E990024C5BB /* instaCloneFireBaseTests.xctest */,
				A2D0FF7228945E9A0024C5BB /* instaCloneFireBaseUITests.xctest */,
			);
			name = Products;
			sourceTree = "<group>";
		};
		A2D0FF5428945E980024C5BB /* instaCloneFireBase */ = {
			isa = PBXGroup;
			children = (
				A2D0FF5528945E980024C5BB /* AppDelegate.swift */,
				A2D0FF5728945E980024C5BB /* SceneDelegate.swift */,
				A2D0FF5928945E980024C5BB /* ViewController.swift */,
				A2D0FF5B28945E980024C5BB /* Main.storyboard */,
				A29B9DA828980DE600424BFD /* TableViewCell.swift */,
				A296D1672894949B009132A4 /* FeedViewController.swift */,
				A296D169289494A7009132A4 /* UploudViewController.swift */,
				A296D16B289494B3009132A4 /* SettingViewController.swift */,
				A2D0FF5E28945E990024C5BB /* Assets.xcassets */,
				A2D0FF6028945E990024C5BB /* LaunchScreen.storyboard */,
				A2D0FF85289465720024C5BB /* GoogleService-Info.plist */,
				A2D0FF6328945E990024C5BB /* Info.plist */,
			);
			path = instaCloneFireBase;
			sourceTree = "<group>";
		};
		A2D0FF6B28945E990024C5BB /* instaCloneFireBaseTests */ = {
			isa = PBXGroup;
			children = (
				A2D0FF6C28945E990024C5BB /* instaCloneFireBaseTests.swift */,
			);
			path = instaCloneFireBaseTests;
			sourceTree = "<group>";
		};
		A2D0FF7528945E9A0024C5BB /* instaCloneFireBaseUITests */ = {
			isa = PBXGroup;
			children = (
				A2D0FF7628945E9A0024C5BB /* instaCloneFireBaseUITests.swift */,
				A2D0FF7828945E9A0024C5BB /* instaCloneFireBaseUITestsLaunchTests.swift */,
			);
			path = instaCloneFireBaseUITests;
			sourceTree = "<group>";
		};
/* End PBXGroup section */

/* Begin PBXNativeTarget section */
		A2D0FF5128945E980024C5BB /* instaCloneFireBase */ = {
			isa = PBXNativeTarget;
			buildConfigurationList = A2D0FF7C28945E9A0024C5BB /* Build configuration list for PBXNativeTarget "instaCloneFireBase" */;
			buildPhases = (
				22833F8E65B393729992E71A /* [CP] Check Pods Manifest.lock */,
				A2D0FF4E28945E980024C5BB /* Sources */,
				A2D0FF4F28945E980024C5BB /* Frameworks */,
				A2D0FF5028945E980024C5BB /* Resources */,
				694285C90DAE8382EAD7B354 /* [CP] Embed Pods Frameworks */,
			);
			buildRules = (
			);
			dependencies = (
			);
			name = instaCloneFireBase;
			productName = instaCloneFireBase;
			productReference = A2D0FF5228945E980024C5BB /* instaCloneFireBase.app */;
			productType = "com.apple.product-type.application";
		};
		A2D0FF6728945E990024C5BB /* instaCloneFireBaseTests */ = {
			isa = PBXNativeTarget;
			buildConfigurationList = A2D0FF7F28945E9A0024C5BB /* Build configuration list for PBXNativeTarget "instaCloneFireBaseTests" */;
			buildPhases = (
				ABC69CB01017D9325B6CBD6A /* [CP] Check Pods Manifest.lock */,
				A2D0FF6428945E990024C5BB /* Sources */,
				A2D0FF6528945E990024C5BB /* Frameworks */,
				A2D0FF6628945E990024C5BB /* Resources */,
			);
			buildRules = (
			);
			dependencies = (
				A2D0FF6A28945E990024C5BB /* PBXTargetDependency */,
			);
			name = instaCloneFireBaseTests;
			productName = instaCloneFireBaseTests;
			productReference = A2D0FF6828945E990024C5BB /* instaCloneFireBaseTests.xctest */;
			productType = "com.apple.product-type.bundle.unit-test";
		};
		A2D0FF7128945E9A0024C5BB /* instaCloneFireBaseUITests */ = {
			isa = PBXNativeTarget;
			buildConfigurationList = A2D0FF8228945E9A0024C5BB /* Build configuration list for PBXNativeTarget "instaCloneFireBaseUITests" */;
			buildPhases = (
				82BAB3412695DAABF621330A /* [CP] Check Pods Manifest.lock */,
				A2D0FF6E28945E9A0024C5BB /* Sources */,
				A2D0FF6F28945E9A0024C5BB /* Frameworks */,
				A2D0FF7028945E9A0024C5BB /* Resources */,
				8D20FA96DB24A8E6D55EFBA1 /* [CP] Embed Pods Frameworks */,
			);
			buildRules = (
			);
			dependencies = (
				A2D0FF7428945E9A0024C5BB /* PBXTargetDependency */,
			);
			name = instaCloneFireBaseUITests;
			productName = instaCloneFireBaseUITests;
			productReference = A2D0FF7228945E9A0024C5BB /* instaCloneFireBaseUITests.xctest */;
			productType = "com.apple.product-type.bundle.ui-testing";
		};
/* End PBXNativeTarget section */

/* Begin PBXProject section */
		A2D0FF4A28945E980024C5BB /* Project object */ = {
			isa = PBXProject;
			attributes = {
				BuildIndependentTargetsInParallel = 1;
				LastSwiftUpdateCheck = 1340;
				LastUpgradeCheck = 1340;
				TargetAttributes = {
					A2D0FF5128945E980024C5BB = {
						CreatedOnToolsVersion = 13.4.1;
					};
					A2D0FF6728945E990024C5BB = {
						CreatedOnToolsVersion = 13.4.1;
						TestTargetID = A2D0FF5128945E980024C5BB;
					};
					A2D0FF7128945E9A0024C5BB = {
						CreatedOnToolsVersion = 13.4.1;
						TestTargetID = A2D0FF5128945E980024C5BB;
					};
				};
			};
			buildConfigurationList = A2D0FF4D28945E980024C5BB /* Build configuration list for PBXProject "instaCloneFireBase" */;
			compatibilityVersion = "Xcode 13.0";
			developmentRegion = en;
			hasScannedForEncodings = 0;
			knownRegions = (
				en,
				Base,
			);
			mainGroup = A2D0FF4928945E980024C5BB;
			productRefGroup = A2D0FF5328945E980024C5BB /* Products */;
			projectDirPath = "";
			projectRoot = "";
			targets = (
				A2D0FF5128945E980024C5BB /* instaCloneFireBase */,
				A2D0FF6728945E990024C5BB /* instaCloneFireBaseTests */,
				A2D0FF7128945E9A0024C5BB /* instaCloneFireBaseUITests */,
			);
		};
/* End PBXProject section */

/* Begin PBXResourcesBuildPhase section */
		A2D0FF5028945E980024C5BB /* Resources */ = {
			isa = PBXResourcesBuildPhase;
			buildActionMask = 2147483647;
			files = (
				A2D0FF6228945E990024C5BB /* LaunchScreen.storyboard in Resources */,
				A2D0FF86289465720024C5BB /* GoogleService-Info.plist in Resources */,
				A2D0FF5F28945E990024C5BB /* Assets.xcassets in Resources */,
				A2D0FF5D28945E980024C5BB /* Main.storyboard in Resources */,
			);
			runOnlyForDeploymentPostprocessing = 0;
		};
		A2D0FF6628945E990024C5BB /* Resources */ = {
			isa = PBXResourcesBuildPhase;
			buildActionMask = 2147483647;
			files = (
			);
			runOnlyForDeploymentPostprocessing = 0;
		};
		A2D0FF7028945E9A0024C5BB /* Resources */ = {
			isa = PBXResourcesBuildPhase;
			buildActionMask = 2147483647;
			files = (
			);
			runOnlyForDeploymentPostprocessing = 0;
		};
/* End PBXResourcesBuildPhase section */

/* Begin PBXShellScriptBuildPhase section */
		22833F8E65B393729992E71A /* [CP] Check Pods Manifest.lock */ = {
			isa = PBXShellScriptBuildPhase;
			buildActionMask = 2147483647;
			files = (
			);
			inputFileListPaths = (
			);
			inputPaths = (
				"${PODS_PODFILE_DIR_PATH}/Podfile.lock",
				"${PODS_ROOT}/Manifest.lock",
			);
			name = "[CP] Check Pods Manifest.lock";
			outputFileListPaths = (
			);
			outputPaths = (
				"$(DERIVED_FILE_DIR)/Pods-instaCloneFireBase-checkManifestLockResult.txt",
			);
			runOnlyForDeploymentPostprocessing = 0;
			shellPath = /bin/sh;
			shellScript = "diff \"${PODS_PODFILE_DIR_PATH}/Podfile.lock\" \"${PODS_ROOT}/Manifest.lock\" > /dev/null\nif [ $? != 0 ] ; then\n    # print error to STDERR\n    echo \"error: The sandbox is not in sync with the Podfile.lock. Run 'pod install' or update your CocoaPods installation.\" >&2\n    exit 1\nfi\n# This output is used by Xcode 'outputs' to avoid re-running this script phase.\necho \"SUCCESS\" > \"${SCRIPT_OUTPUT_FILE_0}\"\n";
			showEnvVarsInLog = 0;
		};
		694285C90DAE8382EAD7B354 /* [CP] Embed Pods Frameworks */ = {
			isa = PBXShellScriptBuildPhase;
			buildActionMask = 2147483647;
			files = (
			);
			inputFileListPaths = (
				"${PODS_ROOT}/Target Support Files/Pods-instaCloneFireBase/Pods-instaCloneFireBase-frameworks-${CONFIGURATION}-input-files.xcfilelist",
			);
			name = "[CP] Embed Pods Frameworks";
			outputFileListPaths = (
				"${PODS_ROOT}/Target Support Files/Pods-instaCloneFireBase/Pods-instaCloneFireBase-frameworks-${CONFIGURATION}-output-files.xcfilelist",
			);
			runOnlyForDeploymentPostprocessing = 0;
			shellPath = /bin/sh;
			shellScript = "\"${PODS_ROOT}/Target Support Files/Pods-instaCloneFireBase/Pods-instaCloneFireBase-frameworks.sh\"\n";
			showEnvVarsInLog = 0;
		};
		82BAB3412695DAABF621330A /* [CP] Check Pods Manifest.lock */ = {
			isa = PBXShellScriptBuildPhase;
			buildActionMask = 2147483647;
			files = (
			);
			inputFileListPaths = (
			);
			inputPaths = (
				"${PODS_PODFILE_DIR_PATH}/Podfile.lock",
				"${PODS_ROOT}/Manifest.lock",
			);
			name = "[CP] Check Pods Manifest.lock";
			outputFileListPaths = (
			);
			outputPaths = (
				"$(DERIVED_FILE_DIR)/Pods-instaCloneFireBase-instaCloneFireBaseUITests-checkManifestLockResult.txt",
			);
			runOnlyForDeploymentPostprocessing = 0;
			shellPath = /bin/sh;
			shellScript = "diff \"${PODS_PODFILE_DIR_PATH}/Podfile.lock\" \"${PODS_ROOT}/Manifest.lock\" > /dev/null\nif [ $? != 0 ] ; then\n    # print error to STDERR\n    echo \"error: The sandbox is not in sync with the Podfile.lock. Run 'pod install' or update your CocoaPods installation.\" >&2\n    exit 1\nfi\n# This output is used by Xcode 'outputs' to avoid re-running this script phase.\necho \"SUCCESS\" > \"${SCRIPT_OUTPUT_FILE_0}\"\n";
			showEnvVarsInLog = 0;
		};
		8D20FA96DB24A8E6D55EFBA1 /* [CP] Embed Pods Frameworks */ = {
			isa = PBXShellScriptBuildPhase;
			buildActionMask = 2147483647;
			files = (
			);
			inputFileListPaths = (
				"${PODS_ROOT}/Target Support Files/Pods-instaCloneFireBase-instaCloneFireBaseUITests/Pods-instaCloneFireBase-instaCloneFireBaseUITests-frameworks-${CONFIGURATION}-input-files.xcfilelist",
			);
			name = "[CP] Embed Pods Frameworks";
			outputFileListPaths = (
				"${PODS_ROOT}/Target Support Files/Pods-instaCloneFireBase-instaCloneFireBaseUITests/Pods-instaCloneFireBase-instaCloneFireBaseUITests-frameworks-${CONFIGURATION}-output-files.xcfilelist",
			);
			runOnlyForDeploymentPostprocessing = 0;
			shellPath = /bin/sh;
			shellScript = "\"${PODS_ROOT}/Target Support Files/Pods-instaCloneFireBase-instaCloneFireBaseUITests/Pods-instaCloneFireBase-instaCloneFireBaseUITests-frameworks.sh\"\n";
			showEnvVarsInLog = 0;
		};
		ABC69CB01017D9325B6CBD6A /* [CP] Check Pods Manifest.lock */ = {
			isa = PBXShellScriptBuildPhase;
			buildActionMask = 2147483647;
			files = (
			);
			inputFileListPaths = (
			);
			inputPaths = (
				"${PODS_PODFILE_DIR_PATH}/Podfile.lock",
				"${PODS_ROOT}/Manifest.lock",
			);
			name = "[CP] Check Pods Manifest.lock";
			outputFileListPaths = (
			);
			outputPaths = (
				"$(DERIVED_FILE_DIR)/Pods-instaCloneFireBaseTests-checkManifestLockResult.txt",
			);
			runOnlyForDeploymentPostprocessing = 0;
			shellPath = /bin/sh;
			shellScript = "diff \"${PODS_PODFILE_DIR_PATH}/Podfile.lock\" \"${PODS_ROOT}/Manifest.lock\" > /dev/null\nif [ $? != 0 ] ; then\n    # print error to STDERR\n    echo \"error: The sandbox is not in sync with the Podfile.lock. Run 'pod install' or update your CocoaPods installation.\" >&2\n    exit 1\nfi\n# This output is used by Xcode 'outputs' to avoid re-running this script phase.\necho \"SUCCESS\" > \"${SCRIPT_OUTPUT_FILE_0}\"\n";
			showEnvVarsInLog = 0;
		};
/* End PBXShellScriptBuildPhase section */

/* Begin PBXSourcesBuildPhase section */
		A2D0FF4E28945E980024C5BB /* Sources */ = {
			isa = PBXSourcesBuildPhase;
			buildActionMask = 2147483647;
			files = (
				A2D0FF5A28945E980024C5BB /* ViewController.swift in Sources */,
				A2D0FF5628945E980024C5BB /* AppDelegate.swift in Sources */,
				A296D16A289494A7009132A4 /* UploudViewController.swift in Sources */,
				A296D1682894949B009132A4 /* FeedViewController.swift in Sources */,
				A2D0FF5828945E980024C5BB /* SceneDelegate.swift in Sources */,
				A29B9DA928980DE600424BFD /* TableViewCell.swift in Sources */,
				A296D16C289494B3009132A4 /* SettingViewController.swift in Sources */,
			);
			runOnlyForDeploymentPostprocessing = 0;
		};
		A2D0FF6428945E990024C5BB /* Sources */ = {
			isa = PBXSourcesBuildPhase;
			buildActionMask = 2147483647;
			files = (
				A2D0FF6D28945E990024C5BB /* instaCloneFireBaseTests.swift in Sources */,
			);
			runOnlyForDeploymentPostprocessing = 0;
		};
		A2D0FF6E28945E9A0024C5BB /* Sources */ = {
			isa = PBXSourcesBuildPhase;
			buildActionMask = 2147483647;
			files = (
				A2D0FF7728945E9A0024C5BB /* instaCloneFireBaseUITests.swift in Sources */,
				A2D0FF7928945E9A0024C5BB /* instaCloneFireBaseUITestsLaunchTests.swift in Sources */,
			);
			runOnlyForDeploymentPostprocessing = 0;
		};
/* End PBXSourcesBuildPhase section */

/* Begin PBXTargetDependency section */
		A2D0FF6A28945E990024C5BB /* PBXTargetDependency */ = {
			isa = PBXTargetDependency;
			target = A2D0FF5128945E980024C5BB /* instaCloneFireBase */;
			targetProxy = A2D0FF6928945E990024C5BB /* PBXContainerItemProxy */;
		};
		A2D0FF7428945E9A0024C5BB /* PBXTargetDependency */ = {
			isa = PBXTargetDependency;
			target = A2D0FF5128945E980024C5BB /* instaCloneFireBase */;
			targetProxy = A2D0FF7328945E9A0024C5BB /* PBXContainerItemProxy */;
		};
/* End PBXTargetDependency section */

/* Begin PBXVariantGroup section */
		A2D0FF5B28945E980024C5BB /* Main.storyboard */ = {
			isa = PBXVariantGroup;
			children = (
				A2D0FF5C28945E980024C5BB /* Base */,
			);
			name = Main.storyboard;
			sourceTree = "<group>";
		};
		A2D0FF6028945E990024C5BB /* LaunchScreen.storyboard */ = {
			isa = PBXVariantGroup;
			children = (
				A2D0FF6128945E990024C5BB /* Base */,
			);
			name = LaunchScreen.storyboard;
			sourceTree = "<group>";
		};
/* End PBXVariantGroup section */

/* Begin XCBuildConfiguration section */
		A2D0FF7A28945E9A0024C5BB /* Debug */ = {
			isa = XCBuildConfiguration;
			buildSettings = {
				ALWAYS_SEARCH_USER_PATHS = NO;
				CLANG_ANALYZER_NONNULL = YES;
				CLANG_ANALYZER_NUMBER_OBJECT_CONVERSION = YES_AGGRESSIVE;
				CLANG_CXX_LANGUAGE_STANDARD = "gnu++17";
				CLANG_ENABLE_MODULES = YES;
				CLANG_ENABLE_OBJC_ARC = YES;
				CLANG_ENABLE_OBJC_WEAK = YES;
				CLANG_WARN_BLOCK_CAPTURE_AUTORELEASING = YES;
				CLANG_WARN_BOOL_CONVERSION = YES;
				CLANG_WARN_COMMA = YES;
				CLANG_WARN_CONSTANT_CONVERSION = YES;
				CLANG_WARN_DEPRECATED_OBJC_IMPLEMENTATIONS = YES;
				CLANG_WARN_DIRECT_OBJC_ISA_USAGE = YES_ERROR;
				CLANG_WARN_DOCUMENTATION_COMMENTS = YES;
				CLANG_WARN_EMPTY_BODY = YES;
				CLANG_WARN_ENUM_CONVERSION = YES;
				CLANG_WARN_INFINITE_RECURSION = YES;
				CLANG_WARN_INT_CONVERSION = YES;
				CLANG_WARN_NON_LITERAL_NULL_CONVERSION = YES;
				CLANG_WARN_OBJC_IMPLICIT_RETAIN_SELF = YES;
				CLANG_WARN_OBJC_LITERAL_CONVERSION = YES;
				CLANG_WARN_OBJC_ROOT_CLASS = YES_ERROR;
				CLANG_WARN_QUOTED_INCLUDE_IN_FRAMEWORK_HEADER = YES;
				CLANG_WARN_RANGE_LOOP_ANALYSIS = YES;
				CLANG_WARN_STRICT_PROTOTYPES = YES;
				CLANG_WARN_SUSPICIOUS_MOVE = YES;
				CLANG_WARN_UNGUARDED_AVAILABILITY = YES_AGGRESSIVE;
				CLANG_WARN_UNREACHABLE_CODE = YES;
				CLANG_WARN__DUPLICATE_METHOD_MATCH = YES;
				COPY_PHASE_STRIP = NO;
				DEBUG_INFORMATION_FORMAT = dwarf;
				ENABLE_STRICT_OBJC_MSGSEND = YES;
				ENABLE_TESTABILITY = YES;
				GCC_C_LANGUAGE_STANDARD = gnu11;
				GCC_DYNAMIC_NO_PIC = NO;
				GCC_NO_COMMON_BLOCKS = YES;
				GCC_OPTIMIZATION_LEVEL = 0;
				GCC_PREPROCESSOR_DEFINITIONS = (
					"DEBUG=1",
					"$(inherited)",
				);
				GCC_WARN_64_TO_32_BIT_CONVERSION = YES;
				GCC_WARN_ABOUT_RETURN_TYPE = YES_ERROR;
				GCC_WARN_UNDECLARED_SELECTOR = YES;
				GCC_WARN_UNINITIALIZED_AUTOS = YES_AGGRESSIVE;
				GCC_WARN_UNUSED_FUNCTION = YES;
				GCC_WARN_UNUSED_VARIABLE = YES;
				IPHONEOS_DEPLOYMENT_TARGET = 15.5;
				MTL_ENABLE_DEBUG_INFO = INCLUDE_SOURCE;
				MTL_FAST_MATH = YES;
				ONLY_ACTIVE_ARCH = YES;
				SDKROOT = iphoneos;
				SWIFT_ACTIVE_COMPILATION_CONDITIONS = DEBUG;
				SWIFT_OPTIMIZATION_LEVEL = "-Onone";
			};
			name = Debug;
		};
		A2D0FF7B28945E9A0024C5BB /* Release */ = {
			isa = XCBuildConfiguration;
			buildSettings = {
				ALWAYS_SEARCH_USER_PATHS = NO;
				CLANG_ANALYZER_NONNULL = YES;
				CLANG_ANALYZER_NUMBER_OBJECT_CONVERSION = YES_AGGRESSIVE;
				CLANG_CXX_LANGUAGE_STANDARD = "gnu++17";
				CLANG_ENABLE_MODULES = YES;
				CLANG_ENABLE_OBJC_ARC = YES;
				CLANG_ENABLE_OBJC_WEAK = YES;
				CLANG_WARN_BLOCK_CAPTURE_AUTORELEASING = YES;
				CLANG_WARN_BOOL_CONVERSION = YES;
				CLANG_WARN_COMMA = YES;
				CLANG_WARN_CONSTANT_CONVERSION = YES;
				CLANG_WARN_DEPRECATED_OBJC_IMPLEMENTATIONS = YES;
				CLANG_WARN_DIRECT_OBJC_ISA_USAGE = YES_ERROR;
				CLANG_WARN_DOCUMENTATION_COMMENTS = YES;
				CLANG_WARN_EMPTY_BODY = YES;
				CLANG_WARN_ENUM_CONVERSION = YES;
				CLANG_WARN_INFINITE_RECURSION = YES;
				CLANG_WARN_INT_CONVERSION = YES;
				CLANG_WARN_NON_LITERAL_NULL_CONVERSION = YES;
				CLANG_WARN_OBJC_IMPLICIT_RETAIN_SELF = YES;
				CLANG_WARN_OBJC_LITERAL_CONVERSION = YES;
				CLANG_WARN_OBJC_ROOT_CLASS = YES_ERROR;
				CLANG_WARN_QUOTED_INCLUDE_IN_FRAMEWORK_HEADER = YES;
				CLANG_WARN_RANGE_LOOP_ANALYSIS = YES;
				CLANG_WARN_STRICT_PROTOTYPES = YES;
				CLANG_WARN_SUSPICIOUS_MOVE = YES;
				CLANG_WARN_UNGUARDED_AVAILABILITY = YES_AGGRESSIVE;
				CLANG_WARN_UNREACHABLE_CODE = YES;
				CLANG_WARN__DUPLICATE_METHOD_MATCH = YES;
				COPY_PHASE_STRIP = NO;
				DEBUG_INFORMATION_FORMAT = "dwarf-with-dsym";
				ENABLE_NS_ASSERTIONS = NO;
				ENABLE_STRICT_OBJC_MSGSEND = YES;
				GCC_C_LANGUAGE_STANDARD = gnu11;
				GCC_NO_COMMON_BLOCKS = YES;
				GCC_WARN_64_TO_32_BIT_CONVERSION = YES;
				GCC_WARN_ABOUT_RETURN_TYPE = YES_ERROR;
				GCC_WARN_UNDECLARED_SELECTOR = YES;
				GCC_WARN_UNINITIALIZED_AUTOS = YES_AGGRESSIVE;
				GCC_WARN_UNUSED_FUNCTION = YES;
				GCC_WARN_UNUSED_VARIABLE = YES;
				IPHONEOS_DEPLOYMENT_TARGET = 15.5;
				MTL_ENABLE_DEBUG_INFO = NO;
				MTL_FAST_MATH = YES;
				SDKROOT = iphoneos;
				SWIFT_COMPILATION_MODE = wholemodule;
				SWIFT_OPTIMIZATION_LEVEL = "-O";
				VALIDATE_PRODUCT = YES;
			};
			name = Release;
		};
		A2D0FF7D28945E9A0024C5BB /* Debug */ = {
			isa = XCBuildConfiguration;
			baseConfigurationReference = DFAAA9585E0FCC3EBC7BEECC /* Pods-instaCloneFireBase.debug.xcconfig */;
			buildSettings = {
				ASSETCATALOG_COMPILER_APPICON_NAME = AppIcon;
				ASSETCATALOG_COMPILER_GLOBAL_ACCENT_COLOR_NAME = AccentColor;
				CODE_SIGN_IDENTITY = "Apple Development";
				CODE_SIGN_STYLE = Automatic;
				CURRENT_PROJECT_VERSION = 1;
				DEVELOPMENT_TEAM = 5W6RSR23V7;
				GENERATE_INFOPLIST_FILE = YES;
				INFOPLIST_FILE = instaCloneFireBase/Info.plist;
				INFOPLIST_KEY_UIApplicationSupportsIndirectInputEvents = YES;
				INFOPLIST_KEY_UILaunchStoryboardName = LaunchScreen;
				INFOPLIST_KEY_UIMainStoryboardFile = Main;
				INFOPLIST_KEY_UISupportedInterfaceOrientations_iPad = "UIInterfaceOrientationPortrait UIInterfaceOrientationPortraitUpsideDown UIInterfaceOrientationLandscapeLeft UIInterfaceOrientationLandscapeRight";
				INFOPLIST_KEY_UISupportedInterfaceOrientations_iPhone = "UIInterfaceOrientationPortrait UIInterfaceOrientationLandscapeLeft UIInterfaceOrientationLandscapeRight";
				LD_RUNPATH_SEARCH_PATHS = (
					"$(inherited)",
					"@executable_path/Frameworks",
				);
				MARKETING_VERSION = 1.0;
				PRODUCT_BUNDLE_IDENTIFIER = com.alperenkavuk.DarkModeApp;
				PRODUCT_NAME = "$(TARGET_NAME)";
				PROVISIONING_PROFILE_SPECIFIER = "";
				SWIFT_EMIT_LOC_STRINGS = YES;
				SWIFT_VERSION = 5.0;
				TARGETED_DEVICE_FAMILY = 1;
			};
			name = Debug;
		};
		A2D0FF7E28945E9A0024C5BB /* Release */ = {
			isa = XCBuildConfiguration;
			baseConfigurationReference = 6B4784AE7EFB422DB418A9CE /* Pods-instaCloneFireBase.release.xcconfig */;
			buildSettings = {
				ASSETCATALOG_COMPILER_APPICON_NAME = AppIcon;
				ASSETCATALOG_COMPILER_GLOBAL_ACCENT_COLOR_NAME = AccentColor;
				CODE_SIGN_IDENTITY = "Apple Development";
				CODE_SIGN_STYLE = Automatic;
				CURRENT_PROJECT_VERSION = 1;
				DEVELOPMENT_TEAM = 5W6RSR23V7;
				GENERATE_INFOPLIST_FILE = YES;
				INFOPLIST_FILE = instaCloneFireBase/Info.plist;
				INFOPLIST_KEY_UIApplicationSupportsIndirectInputEvents = YES;
				INFOPLIST_KEY_UILaunchStoryboardName = LaunchScreen;
				INFOPLIST_KEY_UIMainStoryboardFile = Main;
				INFOPLIST_KEY_UISupportedInterfaceOrientations_iPad = "UIInterfaceOrientationPortrait UIInterfaceOrientationPortraitUpsideDown UIInterfaceOrientationLandscapeLeft UIInterfaceOrientationLandscapeRight";
				INFOPLIST_KEY_UISupportedInterfaceOrientations_iPhone = "UIInterfaceOrientationPortrait UIInterfaceOrientationLandscapeLeft UIInterfaceOrientationLandscapeRight";
				LD_RUNPATH_SEARCH_PATHS = (
					"$(inherited)",
					"@executable_path/Frameworks",
				);
				MARKETING_VERSION = 1.0;
				PRODUCT_BUNDLE_IDENTIFIER = com.alperenkavuk.DarkModeApp;
				PRODUCT_NAME = "$(TARGET_NAME)";
				PROVISIONING_PROFILE_SPECIFIER = "";
				SWIFT_EMIT_LOC_STRINGS = YES;
				SWIFT_VERSION = 5.0;
				TARGETED_DEVICE_FAMILY = 1;
			};
			name = Release;
		};
		A2D0FF8028945E9A0024C5BB /* Debug */ = {
			isa = XCBuildConfiguration;
			baseConfigurationReference = B61E51BF5E69395CBE9042C5 /* Pods-instaCloneFireBaseTests.debug.xcconfig */;
			buildSettings = {
				ALWAYS_EMBED_SWIFT_STANDARD_LIBRARIES = YES;
				BUNDLE_LOADER = "$(TEST_HOST)";
				CODE_SIGN_STYLE = Automatic;
				CURRENT_PROJECT_VERSION = 1;
				DEVELOPMENT_TEAM = 5W6RSR23V7;
				GENERATE_INFOPLIST_FILE = YES;
				IPHONEOS_DEPLOYMENT_TARGET = 15.5;
				MARKETING_VERSION = 1.0;
				PRODUCT_BUNDLE_IDENTIFIER = com.alperenkavuk.instaCloneFireBaseTests;
				PRODUCT_NAME = "$(TARGET_NAME)";
				SWIFT_EMIT_LOC_STRINGS = NO;
				SWIFT_VERSION = 5.0;
				TARGETED_DEVICE_FAMILY = "1,2";
				TEST_HOST = "$(BUILT_PRODUCTS_DIR)/instaCloneFireBase.app/instaCloneFireBase";
			};
			name = Debug;
		};
		A2D0FF8128945E9A0024C5BB /* Release */ = {
			isa = XCBuildConfiguration;
			baseConfigurationReference = E76973BFB9BA669890E2D4FA /* Pods-instaCloneFireBaseTests.release.xcconfig */;
			buildSettings = {
				ALWAYS_EMBED_SWIFT_STANDARD_LIBRARIES = YES;
				BUNDLE_LOADER = "$(TEST_HOST)";
				CODE_SIGN_STYLE = Automatic;
				CURRENT_PROJECT_VERSION = 1;
				DEVELOPMENT_TEAM = 5W6RSR23V7;
				GENERATE_INFOPLIST_FILE = YES;
				IPHONEOS_DEPLOYMENT_TARGET = 15.5;
				MARKETING_VERSION = 1.0;
				PRODUCT_BUNDLE_IDENTIFIER = com.alperenkavuk.instaCloneFireBaseTests;
				PRODUCT_NAME = "$(TARGET_NAME)";
				SWIFT_EMIT_LOC_STRINGS = NO;
				SWIFT_VERSION = 5.0;
				TARGETED_DEVICE_FAMILY = "1,2";
				TEST_HOST = "$(BUILT_PRODUCTS_DIR)/instaCloneFireBase.app/instaCloneFireBase";
			};
			name = Release;
		};
		A2D0FF8328945E9A0024C5BB /* Debug */ = {
			isa = XCBuildConfiguration;
			baseConfigurationReference = EF810525071280C511B35B50 /* Pods-instaCloneFireBase-instaCloneFireBaseUITests.debug.xcconfig */;
			buildSettings = {
				ALWAYS_EMBED_SWIFT_STANDARD_LIBRARIES = YES;
				CODE_SIGN_STYLE = Automatic;
				CURRENT_PROJECT_VERSION = 1;
				DEVELOPMENT_TEAM = 5W6RSR23V7;
				GENERATE_INFOPLIST_FILE = YES;
				MARKETING_VERSION = 1.0;
				PRODUCT_BUNDLE_IDENTIFIER = com.alperenkavuk.instaCloneFireBaseUITests;
				PRODUCT_NAME = "$(TARGET_NAME)";
				SWIFT_EMIT_LOC_STRINGS = NO;
				SWIFT_VERSION = 5.0;
				TARGETED_DEVICE_FAMILY = "1,2";
				TEST_TARGET_NAME = instaCloneFireBase;
			};
			name = Debug;
		};
		A2D0FF8428945E9A0024C5BB /* Release */ = {
			isa = XCBuildConfiguration;
			baseConfigurationReference = D63C4BC40DFC502CC7710512 /* Pods-instaCloneFireBase-instaCloneFireBaseUITests.release.xcconfig */;
			buildSettings = {
				ALWAYS_EMBED_SWIFT_STANDARD_LIBRARIES = YES;
				CODE_SIGN_STYLE = Automatic;
				CURRENT_PROJECT_VERSION = 1;
				DEVELOPMENT_TEAM = 5W6RSR23V7;
				GENERATE_INFOPLIST_FILE = YES;
				MARKETING_VERSION = 1.0;
				PRODUCT_BUNDLE_IDENTIFIER = com.alperenkavuk.instaCloneFireBaseUITests;
				PRODUCT_NAME = "$(TARGET_NAME)";
				SWIFT_EMIT_LOC_STRINGS = NO;
				SWIFT_VERSION = 5.0;
				TARGETED_DEVICE_FAMILY = "1,2";
				TEST_TARGET_NAME = instaCloneFireBase;
			};
			name = Release;
		};
/* End XCBuildConfiguration section */

/* Begin XCConfigurationList section */
		A2D0FF4D28945E980024C5BB /* Build configuration list for PBXProject "instaCloneFireBase" */ = {
			isa = XCConfigurationList;
			buildConfigurations = (
				A2D0FF7A28945E9A0024C5BB /* Debug */,
				A2D0FF7B28945E9A0024C5BB /* Release */,
			);
			defaultConfigurationIsVisible = 0;
			defaultConfigurationName = Release;
		};
		A2D0FF7C28945E9A0024C5BB /* Build configuration list for PBXNativeTarget "instaCloneFireBase" */ = {
			isa = XCConfigurationList;
			buildConfigurations = (
				A2D0FF7D28945E9A0024C5BB /* Debug */,
				A2D0FF7E28945E9A0024C5BB /* Release */,
			);
			defaultConfigurationIsVisible = 0;
			defaultConfigurationName = Release;
		};
		A2D0FF7F28945E9A0024C5BB /* Build configuration list for PBXNativeTarget "instaCloneFireBaseTests" */ = {
			isa = XCConfigurationList;
			buildConfigurations = (
				A2D0FF8028945E9A0024C5BB /* Debug */,
				A2D0FF8128945E9A0024C5BB /* Release */,
			);
			defaultConfigurationIsVisible = 0;
			defaultConfigurationName = Release;
		};
		A2D0FF8228945E9A0024C5BB /* Build configuration list for PBXNativeTarget "instaCloneFireBaseUITests" */ = {
			isa = XCConfigurationList;
			buildConfigurations = (
				A2D0FF8328945E9A0024C5BB /* Debug */,
				A2D0FF8428945E9A0024C5BB /* Release */,
			);
			defaultConfigurationIsVisible = 0;
			defaultConfigurationName = Release;
		};
/* End XCConfigurationList section */
	};
	rootObject = A2D0FF4A28945E980024C5BB /* Project object */;
}
